
Microsoft Visual Studio Solution File, Format Version 12.00
# Visual Studio 15
VisualStudioVersion = 15.0.26124.0
MinimumVisualStudioVersion = 15.0.26124.0
Project("{2150E333-8FDC-42A3-9474-1A3956D46DE8}") = "test", "test", "{A8813FA4-458F-4DA4-8DC1-014599487B31}"
EndProject
Project("{FAE04EC0-301F-11D3-BF4B-00C04F79EFBC}") = "sipsa.DomainTest", "test\sipsa.DomainTest\sipsa.DomainTest.csproj", "{C925AE79-48CB-4066-AEB1-F68D87F44663}"
EndProject
Project("{2150E333-8FDC-42A3-9474-1A3956D46DE8}") = "src", "src", "{11F3D9D2-0509-4145-A225-F027C13A0010}"
EndProject
Project("{FAE04EC0-301F-11D3-BF4B-00C04F79EFBC}") = "sipsa.Domain", "src\sipsa.Domain\sipsa.Domain.csproj", "{D19CD243-871D-4D4F-BA4F-E1973A13C62F}"
EndProject
Global
	GlobalSection(SolutionConfigurationPlatforms) = preSolution
		Debug|Any CPU = Debug|Any CPU
		Debug|x64 = Debug|x64
		Debug|x86 = Debug|x86
		Release|Any CPU = Release|Any CPU
		Release|x64 = Release|x64
		Release|x86 = Release|x86
	EndGlobalSection
	GlobalSection(SolutionProperties) = preSolution
		HideSolutionNode = FALSE
	EndGlobalSection
	GlobalSection(ProjectConfigurationPlatforms) = postSolution
		{C925AE79-48CB-4066-AEB1-F68D87F44663}.Debug|Any CPU.ActiveCfg = Debug|Any CPU
		{C925AE79-48CB-4066-AEB1-F68D87F44663}.Debug|Any CPU.Build.0 = Debug|Any CPU
		{C925AE79-48CB-4066-AEB1-F68D87F44663}.Debug|x64.ActiveCfg = Debug|Any CPU
		{C925AE79-48CB-4066-AEB1-F68D87F44663}.Debug|x64.Build.0 = Debug|Any CPU
		{C925AE79-48CB-4066-AEB1-F68D87F44663}.Debug|x86.ActiveCfg = Debug|Any CPU
		{C925AE79-48CB-4066-AEB1-F68D87F44663}.Debug|x86.Build.0 = Debug|Any CPU
		{C925AE79-48CB-4066-AEB1-F68D87F44663}.Release|Any CPU.ActiveCfg = Release|Any CPU
		{C925AE79-48CB-4066-AEB1-F68D87F44663}.Release|Any CPU.Build.0 = Release|Any CPU
		{C925AE79-48CB-4066-AEB1-F68D87F44663}.Release|x64.ActiveCfg = Release|Any CPU
		{C925AE79-48CB-4066-AEB1-F68D87F44663}.Release|x64.Build.0 = Release|Any CPU
		{C925AE79-48CB-4066-AEB1-F68D87F44663}.Release|x86.ActiveCfg = Release|Any CPU
		{C925AE79-48CB-4066-AEB1-F68D87F44663}.Release|x86.Build.0 = Release|Any CPU
		{D19CD243-871D-4D4F-BA4F-E1973A13C62F}.Debug|Any CPU.ActiveCfg = Debug|Any CPU
		{D19CD243-871D-4D4F-BA4F-E1973A13C62F}.Debug|Any CPU.Build.0 = Debug|Any CPU
		{D19CD243-871D-4D4F-BA4F-E1973A13C62F}.Debug|x64.ActiveCfg = Debug|Any CPU
		{D19CD243-871D-4D4F-BA4F-E1973A13C62F}.Debug|x64.Build.0 = Debug|Any CPU
		{D19CD243-871D-4D4F-BA4F-E1973A13C62F}.Debug|x86.ActiveCfg = Debug|Any CPU
		{D19CD243-871D-4D4F-BA4F-E1973A13C62F}.Debug|x86.Build.0 = Debug|Any CPU
		{D19CD243-871D-4D4F-BA4F-E1973A13C62F}.Release|Any CPU.ActiveCfg = Release|Any CPU
		{D19CD243-871D-4D4F-BA4F-E1973A13C62F}.Release|Any CPU.Build.0 = Release|Any CPU
		{D19CD243-871D-4D4F-BA4F-E1973A13C62F}.Release|x64.ActiveCfg = Release|Any CPU
		{D19CD243-871D-4D4F-BA4F-E1973A13C62F}.Release|x64.Build.0 = Release|Any CPU
		{D19CD243-871D-4D4F-BA4F-E1973A13C62F}.Release|x86.ActiveCfg = Release|Any CPU
		{D19CD243-871D-4D4F-BA4F-E1973A13C62F}.Release|x86.Build.0 = Release|Any CPU
	EndGlobalSection
	GlobalSection(NestedProjects) = preSolution
		{C925AE79-48CB-4066-AEB1-F68D87F44663} = {A8813FA4-458F-4DA4-8DC1-014599487B31}
		{D19CD243-871D-4D4F-BA4F-E1973A13C62F} = {11F3D9D2-0509-4145-A225-F027C13A0010}
	EndGlobalSection
EndGlobal
